
Microsoft Visual Studio Solution File, Format Version 12.00
# Visual Studio 14
VisualStudioVersion = 14.0.25420.1
MinimumVisualStudioVersion = 10.0.40219.1
Project("{FAE04EC0-301F-11D3-BF4B-00C04F79EFBC}") = "404SumofLeftLeaves", "src\404SumofLeftLeaves\404SumofLeftLeaves.csproj", "{C08A68BA-2EC3-4F08-BE27-FC25A866B042}"
EndProject
Project("{FAE04EC0-301F-11D3-BF4B-00C04F79EFBC}") = "338CountingBits", "src\338CountingBits\338CountingBits.csproj", "{A747AAAB-7874-418C-A469-ABAFF81AA131}"
EndProject
Project("{FAE04EC0-301F-11D3-BF4B-00C04F79EFBC}") = "292NimGame", "src\292NimGame\292NimGame.csproj", "{27E6FA17-1B2C-4D1C-AC82-CA08E2D16735}"
EndProject
Project("{FAE04EC0-301F-11D3-BF4B-00C04F79EFBC}") = "136SingleNumber", "src\136SingleNumber\136SingleNumber.csproj", "{72EC4C7B-C291-4EBF-903B-CA963B797FAF}"
EndProject
Global
	GlobalSection(SolutionConfigurationPlatforms) = preSolution
		Debug|Any CPU = Debug|Any CPU
		Release|Any CPU = Release|Any CPU
	EndGlobalSection
	GlobalSection(ProjectConfigurationPlatforms) = postSolution
		{C08A68BA-2EC3-4F08-BE27-FC25A866B042}.Debug|Any CPU.ActiveCfg = Debug|Any CPU
		{C08A68BA-2EC3-4F08-BE27-FC25A866B042}.Debug|Any CPU.Build.0 = Debug|Any CPU
		{C08A68BA-2EC3-4F08-BE27-FC25A866B042}.Release|Any CPU.ActiveCfg = Release|Any CPU
		{C08A68BA-2EC3-4F08-BE27-FC25A866B042}.Release|Any CPU.Build.0 = Release|Any CPU
		{A747AAAB-7874-418C-A469-ABAFF81AA131}.Debug|Any CPU.ActiveCfg = Debug|Any CPU
		{A747AAAB-7874-418C-A469-ABAFF81AA131}.Debug|Any CPU.Build.0 = Debug|Any CPU
		{A747AAAB-7874-418C-A469-ABAFF81AA131}.Release|Any CPU.ActiveCfg = Release|Any CPU
		{A747AAAB-7874-418C-A469-ABAFF81AA131}.Release|Any CPU.Build.0 = Release|Any CPU
		{27E6FA17-1B2C-4D1C-AC82-CA08E2D16735}.Debug|Any CPU.ActiveCfg = Debug|Any CPU
		{27E6FA17-1B2C-4D1C-AC82-CA08E2D16735}.Debug|Any CPU.Build.0 = Debug|Any CPU
		{27E6FA17-1B2C-4D1C-AC82-CA08E2D16735}.Release|Any CPU.ActiveCfg = Release|Any CPU
		{27E6FA17-1B2C-4D1C-AC82-CA08E2D16735}.Release|Any CPU.Build.0 = Release|Any CPU
		{72EC4C7B-C291-4EBF-903B-CA963B797FAF}.Debug|Any CPU.ActiveCfg = Debug|Any CPU
		{72EC4C7B-C291-4EBF-903B-CA963B797FAF}.Debug|Any CPU.Build.0 = Debug|Any CPU
		{72EC4C7B-C291-4EBF-903B-CA963B797FAF}.Release|Any CPU.ActiveCfg = Release|Any CPU
		{72EC4C7B-C291-4EBF-903B-CA963B797FAF}.Release|Any CPU.Build.0 = Release|Any CPU
	EndGlobalSection
	GlobalSection(SolutionProperties) = preSolution
		HideSolutionNode = FALSE
	EndGlobalSection
EndGlobal
